PODS:
  - PhenixSdk (2020.0.0)
  - SwiftLint (0.39.2)

DEPENDENCIES:
  - PhenixSdk (~> 2020.0.0)
  - SwiftLint (~> 0.39.2)

SPEC REPOS:
  https://github.com/PhenixRTS/CocoaPodsSpecs.git:
    - PhenixSdk
  trunk:
    - SwiftLint

SPEC CHECKSUMS:
  PhenixSdk: abd3b62fb3d44afd9b6323c5e959929097076185
  SwiftLint: 22ccbbe3b8008684be5955693bab135e0ed6a447

PODFILE CHECKSUM: 6119860bc3a5a8a940030fe271feb8cf66113697

COCOAPODS: 1.9.1
