PODS:
  - PhenixCore (0.1.0):
    - PhenixSdk
  - PhenixDebug (0.1.0):
    - PhenixCore
  - PhenixDeeplink (0.1.0)
  - PhenixSdk (2022.0.4)
  - SwiftLint (0.49.1)

DEPENDENCIES:
  - PhenixCore (from `../PhenixCore`)
  - PhenixDebug (from `../PhenixDebug`)
  - PhenixDeeplink (from `../PhenixDeeplink`)
  - PhenixSdk (= 2022.0.4)
  - SwiftLint (~> 0.49.1)

SPEC REPOS:
  "git@github.com:PhenixRTS/CocoaPodsSpecs.git":
    - PhenixSdk
  trunk:
    - SwiftLint

EXTERNAL SOURCES:
  PhenixCore:
    :path: "../PhenixCore"
  PhenixDebug:
    :path: "../PhenixDebug"
  PhenixDeeplink:
    :path: "../PhenixDeeplink"

SPEC CHECKSUMS:
  PhenixCore: 6b23f145fa824074cf8fe50fdf60d59ee932b93c
  PhenixDebug: 009fd4dad0f965e67decc52f6afeee85e869c14b
  PhenixDeeplink: f336866983bd5bc8cb72fe4f8c38680bb0cff799
  PhenixSdk: fd0651859898559a33477d704a8a1546456d06df
  SwiftLint: 32ee33ded0636d0905ef6911b2b67bbaeeedafa5

PODFILE CHECKSUM: ce8373ee4efdefe2fbe6e404c055036df7c88328

COCOAPODS: 1.11.3
