PODS:
  - PhenixSdk (2020.1.73-beta)
  - SwiftLint (0.41.0)

DEPENDENCIES:
  - PhenixSdk (= 2020.1.73-beta)
  - SwiftLint (~> 0.41.0)

SPEC REPOS:
  "git@github.com:PhenixRTS/CocoaPodsSpecs.git":
    - PhenixSdk
  trunk:
    - SwiftLint

SPEC CHECKSUMS:
  PhenixSdk: 239871d80663ba4a97cb742c5b35120cdeffedd8
  SwiftLint: c585ebd615d9520d7fbdbe151f527977b0534f1e

PODFILE CHECKSUM: 8b996ec414c6f6dc447bc771cc14eabd5766d97d

COCOAPODS: 1.9.3
