// !$*UTF8*$!
{
	archiveVersion = 1;
	classes = {
	};
	objectVersion = 54;
	objects = {

/* Begin PBXBuildFile section */
		481AFB0D27D5EAF500EC92FA /* OSLog+Initializer.swift in Sources */ = {isa = PBXBuildFile; fileRef = 481AFB0C27D5EAF500EC92FA /* OSLog+Initializer.swift */; };
		481E9B5727C519DF00162792 /* AppSession.swift in Sources */ = {isa = PBXBuildFile; fileRef = 481E9B5627C519DF00162792 /* AppSession.swift */; };
		481E9B5927C526C000162792 /* Bootstrap.swift in Sources */ = {isa = PBXBuildFile; fileRef = 481E9B5827C526C000162792 /* Bootstrap.swift */; };
		481E9B5B27C527F100162792 /* UIViewController+TopViewController.swift in Sources */ = {isa = PBXBuildFile; fileRef = 481E9B5A27C527F100162792 /* UIViewController+TopViewController.swift */; };
		481E9B5D27C5378800162792 /* NewMeetingViewModel.swift in Sources */ = {isa = PBXBuildFile; fileRef = 481E9B5C27C5378800162792 /* NewMeetingViewModel.swift */; };
		481E9B6327C636C200162792 /* NewMeetingViewDelegate.swift in Sources */ = {isa = PBXBuildFile; fileRef = 481E9B6227C636C200162792 /* NewMeetingViewDelegate.swift */; };
		481E9B6527C63B4900162792 /* NewMeetingControlViewDelegate.swift in Sources */ = {isa = PBXBuildFile; fileRef = 481E9B6427C63B4900162792 /* NewMeetingControlViewDelegate.swift */; };
		481E9B6727C653F900162792 /* NewMeetingViewModelDelegate.swift in Sources */ = {isa = PBXBuildFile; fileRef = 481E9B6627C653F900162792 /* NewMeetingViewModelDelegate.swift */; };
		481E9B6927C655D400162792 /* JoinMeetingViewModel.swift in Sources */ = {isa = PBXBuildFile; fileRef = 481E9B6827C655D400162792 /* JoinMeetingViewModel.swift */; };
		481E9B6B27C6566C00162792 /* JoinMeetingViewModelDelegate.swift in Sources */ = {isa = PBXBuildFile; fileRef = 481E9B6A27C6566C00162792 /* JoinMeetingViewModelDelegate.swift */; };
		481E9B6D27C65E6E00162792 /* ActiveMeetingViewModel.swift in Sources */ = {isa = PBXBuildFile; fileRef = 481E9B6C27C65E6E00162792 /* ActiveMeetingViewModel.swift */; };
		481E9B6F27C6725100162792 /* ActiveMeetingViewDelegate.swift in Sources */ = {isa = PBXBuildFile; fileRef = 481E9B6E27C6725100162792 /* ActiveMeetingViewDelegate.swift */; };
		481E9B7327C67F1E00162792 /* ActiveMeetingInformationViewModel.swift in Sources */ = {isa = PBXBuildFile; fileRef = 481E9B7227C67F1E00162792 /* ActiveMeetingInformationViewModel.swift */; };
		481E9B7D27C7BB2500162792 /* ActiveMeetingChatViewModel.swift in Sources */ = {isa = PBXBuildFile; fileRef = 481E9B7C27C7BB2500162792 /* ActiveMeetingChatViewModel.swift */; };
		481E9B7F27C7BC9B00162792 /* ChatMessage.swift in Sources */ = {isa = PBXBuildFile; fileRef = 481E9B7E27C7BC9B00162792 /* ChatMessage.swift */; };
		481E9B8127C7C34D00162792 /* ActiveMeetingChatTableViewCellModel.swift in Sources */ = {isa = PBXBuildFile; fileRef = 481E9B8027C7C34D00162792 /* ActiveMeetingChatTableViewCellModel.swift */; };
		481E9B8327C7DDCB00162792 /* ActiveMeetingChatViewDelegate.swift in Sources */ = {isa = PBXBuildFile; fileRef = 481E9B8227C7DDCB00162792 /* ActiveMeetingChatViewDelegate.swift */; };
		481E9B8527C8C5AD00162792 /* ActiveMeetingMemberListViewModel.swift in Sources */ = {isa = PBXBuildFile; fileRef = 481E9B8427C8C5AD00162792 /* ActiveMeetingMemberListViewModel.swift */; };
		481E9B8727C8C5BB00162792 /* ActiveMeetingMemberListView.swift in Sources */ = {isa = PBXBuildFile; fileRef = 481E9B8627C8C5BB00162792 /* ActiveMeetingMemberListView.swift */; };
		481E9B8927C8D5C000162792 /* PhenixCoreMember+Roles.swift in Sources */ = {isa = PBXBuildFile; fileRef = 481E9B8827C8D5C000162792 /* PhenixCoreMember+Roles.swift */; };
		481E9B8B27C8DD0B00162792 /* ActiveMeetingMemberListViewDelegate.swift in Sources */ = {isa = PBXBuildFile; fileRef = 481E9B8A27C8DD0B00162792 /* ActiveMeetingMemberListViewDelegate.swift */; };
		481E9B8D27C8DE6D00162792 /* ActiveMeetingMemberListTableViewCellModel.swift in Sources */ = {isa = PBXBuildFile; fileRef = 481E9B8C27C8DE6D00162792 /* ActiveMeetingMemberListTableViewCellModel.swift */; };
		481E9B8F27C8EAEF00162792 /* ActiveMeetingMemberListTableViewCellModelDelegate.swift in Sources */ = {isa = PBXBuildFile; fileRef = 481E9B8E27C8EAEF00162792 /* ActiveMeetingMemberListTableViewCellModelDelegate.swift */; };
		481E9BB927CD01CC00162792 /* ActiveMeetingViewModelDelegate.swift in Sources */ = {isa = PBXBuildFile; fileRef = 481E9BB827CD01CC00162792 /* ActiveMeetingViewModelDelegate.swift */; };
		B50195E0245717DC00DDF6AB /* UITextField.swift in Sources */ = {isa = PBXBuildFile; fileRef = B50195DF245717DC00DDF6AB /* UITextField.swift */; };
		B50195E2245717F800DDF6AB /* UILabel.swift in Sources */ = {isa = PBXBuildFile; fileRef = B50195E1245717F800DDF6AB /* UILabel.swift */; };
		B50195E42457180F00DDF6AB /* UIButton.swift in Sources */ = {isa = PBXBuildFile; fileRef = B50195E32457180F00DDF6AB /* UIButton.swift */; };
		B50195EE24585C6200DDF6AB /* Preferences.swift in Sources */ = {isa = PBXBuildFile; fileRef = B50195ED24585C6200DDF6AB /* Preferences.swift */; };
		B50195FE245AAB4300DDF6AB /* MeetingHistoryTableViewController.swift in Sources */ = {isa = PBXBuildFile; fileRef = B50195FD245AAB4300DDF6AB /* MeetingHistoryTableViewController.swift */; };
		B5019600245AABA600DDF6AB /* MeetingHistoryTableViewDataSource.swift in Sources */ = {isa = PBXBuildFile; fileRef = B50195FF245AABA600DDF6AB /* MeetingHistoryTableViewDataSource.swift */; };
		B5019602245AAD9B00DDF6AB /* ChildController.swift in Sources */ = {isa = PBXBuildFile; fileRef = B5019601245AAD9B00DDF6AB /* ChildController.swift */; };
		B510D0E6248FC258003FAEC0 /* ActivityIndicatorController.swift in Sources */ = {isa = PBXBuildFile; fileRef = B510D0E5248FC258003FAEC0 /* ActivityIndicatorController.swift */; };
		B510D0E8248FCA63003FAEC0 /* ActivityIndicatorProvider.swift in Sources */ = {isa = PBXBuildFile; fileRef = B510D0E7248FCA63003FAEC0 /* ActivityIndicatorProvider.swift */; };
		B51141C724FD2229007584A1 /* CATransaction+NoAnimations.swift in Sources */ = {isa = PBXBuildFile; fileRef = B51141C624FD2229007584A1 /* CATransaction+NoAnimations.swift */; };
		B52FC75F24B850F800B98B46 /* UIImageView.swift in Sources */ = {isa = PBXBuildFile; fileRef = B52FC75E24B850F800B98B46 /* UIImageView.swift */; };
		B5385A2E258BA03300DFBDE1 /* AudioLevelView.swift in Sources */ = {isa = PBXBuildFile; fileRef = B5385A2D258BA03300DFBDE1 /* AudioLevelView.swift */; };
		B53D8F50244DCBA30055CE66 /* AppDelegate.swift in Sources */ = {isa = PBXBuildFile; fileRef = B53D8F4F244DCBA30055CE66 /* AppDelegate.swift */; };
		B53D8F57244DCBA30055CE66 /* Main.storyboard in Resources */ = {isa = PBXBuildFile; fileRef = B53D8F55244DCBA30055CE66 /* Main.storyboard */; };
		B53D8F59244DCBA80055CE66 /* Assets.xcassets in Resources */ = {isa = PBXBuildFile; fileRef = B53D8F58244DCBA80055CE66 /* Assets.xcassets */; };
		B53D8F5C244DCBA80055CE66 /* LaunchScreen.storyboard in Resources */ = {isa = PBXBuildFile; fileRef = B53D8F5A244DCBA80055CE66 /* LaunchScreen.storyboard */; };
		B54D59A32451BCDD00454066 /* NewMeetingViewController.swift in Sources */ = {isa = PBXBuildFile; fileRef = B54D59A22451BCDC00454066 /* NewMeetingViewController.swift */; };
		B54D59A52451C13400454066 /* NewMeetingControlView.swift in Sources */ = {isa = PBXBuildFile; fileRef = B54D59A42451C13400454066 /* NewMeetingControlView.swift */; };
		B54D59B2245307F600454066 /* ActiveMeetingViewController.swift in Sources */ = {isa = PBXBuildFile; fileRef = B54D59B1245307F600454066 /* ActiveMeetingViewController.swift */; };
		B560170C24AB4DDB0091692A /* ActiveMeetingChatViewDataSource.swift in Sources */ = {isa = PBXBuildFile; fileRef = B560170B24AB4DDB0091692A /* ActiveMeetingChatViewDataSource.swift */; };
		B560170F24AB4E420091692A /* ActiveMeetingChatTableViewCell.swift in Sources */ = {isa = PBXBuildFile; fileRef = B560170E24AB4E420091692A /* ActiveMeetingChatTableViewCell.swift */; };
		B560171124AB6B140091692A /* ActiveMeetingChatView.swift in Sources */ = {isa = PBXBuildFile; fileRef = B560171024AB6B140091692A /* ActiveMeetingChatView.swift */; };
		B5619D25249776F00072669D /* PageContainerMember.swift in Sources */ = {isa = PBXBuildFile; fileRef = B5619D24249776F00072669D /* PageContainerMember.swift */; };
		B5619D2724977CA60072669D /* ActiveMeetingChatViewController.swift in Sources */ = {isa = PBXBuildFile; fileRef = B5619D2624977CA60072669D /* ActiveMeetingChatViewController.swift */; };
		B5619D292497A0EF0072669D /* TabBarButton.swift in Sources */ = {isa = PBXBuildFile; fileRef = B5619D282497A0EF0072669D /* TabBarButton.swift */; };
		B563A4B6247D51FF007101C7 /* ActiveMeetingInformationViewController.swift in Sources */ = {isa = PBXBuildFile; fileRef = B563A4B5247D51FF007101C7 /* ActiveMeetingInformationViewController.swift */; };
		B566BF702481412900A2DE75 /* ActiveMeetingMemberListViewController.swift in Sources */ = {isa = PBXBuildFile; fileRef = B566BF6F2481412900A2DE75 /* ActiveMeetingMemberListViewController.swift */; };
		B566BF722481431A00A2DE75 /* ActiveMeetingMemberListViewDataSource.swift in Sources */ = {isa = PBXBuildFile; fileRef = B566BF712481431A00A2DE75 /* ActiveMeetingMemberListViewDataSource.swift */; };
		B566BF76248143F700A2DE75 /* ActiveMeetingMemberListTableViewCell.swift in Sources */ = {isa = PBXBuildFile; fileRef = B566BF75248143F700A2DE75 /* ActiveMeetingMemberListTableViewCell.swift */; };
		B5704D3224642DBA00D9703A /* Encode.swift in Sources */ = {isa = PBXBuildFile; fileRef = B5704D3124642DBA00D9703A /* Encode.swift */; };
		B5704D342464346500D9703A /* Decode.swift in Sources */ = {isa = PBXBuildFile; fileRef = B5704D332464346500D9703A /* Decode.swift */; };
		B5704D682465369000D9703A /* ActiveMeetingView.swift in Sources */ = {isa = PBXBuildFile; fileRef = B5704D672465369000D9703A /* ActiveMeetingView.swift */; };
		B5704D7B2465701400D9703A /* ControlButtonTests.swift in Sources */ = {isa = PBXBuildFile; fileRef = B5704D7A2465701400D9703A /* ControlButtonTests.swift */; };
		B5777E5F246C25CB000B4CA9 /* LaunchViewController.swift in Sources */ = {isa = PBXBuildFile; fileRef = B5777E5E246C25CB000B4CA9 /* LaunchViewController.swift */; };
		B594ABBD2499FF4F0042ED1F /* CameraPinView.swift in Sources */ = {isa = PBXBuildFile; fileRef = B594ABBC2499FF4F0042ED1F /* CameraPinView.swift */; };
		B59D19DD24629F69008E2C2D /* JoinMeetingViewController.swift in Sources */ = {isa = PBXBuildFile; fileRef = B59D19DC24629F69008E2C2D /* JoinMeetingViewController.swift */; };
		B59D19E024629FAE008E2C2D /* JoinMeetingView.swift in Sources */ = {isa = PBXBuildFile; fileRef = B59D19DF24629FAE008E2C2D /* JoinMeetingView.swift */; };
		B59D19E52462DFCB008E2C2D /* ShowMeeting.swift in Sources */ = {isa = PBXBuildFile; fileRef = B59D19E42462DFCB008E2C2D /* ShowMeeting.swift */; };
		B59D19E72462DFDF008E2C2D /* JoinMeeting.swift in Sources */ = {isa = PBXBuildFile; fileRef = B59D19E62462DFDF008E2C2D /* JoinMeeting.swift */; };
		B59D19EB2462E010008E2C2D /* JoinCancellation.swift in Sources */ = {isa = PBXBuildFile; fileRef = B59D19EA2462E010008E2C2D /* JoinCancellation.swift */; };
		B59D19EE2462E038008E2C2D /* MeetingFinished.swift in Sources */ = {isa = PBXBuildFile; fileRef = B59D19ED2462E038008E2C2D /* MeetingFinished.swift */; };
		B59D19F62462EE65008E2C2D /* Meeting.swift in Sources */ = {isa = PBXBuildFile; fileRef = B59D19F52462EE65008E2C2D /* Meeting.swift */; };
		B59D19F82463132C008E2C2D /* MeetingHistoryTableViewCell.swift in Sources */ = {isa = PBXBuildFile; fileRef = B59D19F72463132C008E2C2D /* MeetingHistoryTableViewCell.swift */; };
		B59D19FA24631398008E2C2D /* CellIdentified.swift in Sources */ = {isa = PBXBuildFile; fileRef = B59D19F924631398008E2C2D /* CellIdentified.swift */; };
		B5BB082D244F1FB20094F254 /* Colors.xcassets in Resources */ = {isa = PBXBuildFile; fileRef = B5BB082C244F1FB20094F254 /* Colors.xcassets */; };
		B5BB0832244F281F0094F254 /* Coordinator.swift in Sources */ = {isa = PBXBuildFile; fileRef = B5BB0831244F281F0094F254 /* Coordinator.swift */; };
		B5BB0836244F287F0094F254 /* MainCoordinator.swift in Sources */ = {isa = PBXBuildFile; fileRef = B5BB0835244F287F0094F254 /* MainCoordinator.swift */; };
		B5BB0838244F28E80094F254 /* Storyboarded.swift in Sources */ = {isa = PBXBuildFile; fileRef = B5BB0837244F28E80094F254 /* Storyboarded.swift */; };
		B5C25EF5245B010600542E1C /* ControlButton.swift in Sources */ = {isa = PBXBuildFile; fileRef = B5C25EF4245B010600542E1C /* ControlButton.swift */; };
		B5C25EFD245B33D900542E1C /* NewMeetingView.swift in Sources */ = {isa = PBXBuildFile; fileRef = B5C25EFC245B33D900542E1C /* NewMeetingView.swift */; };
		B5D4F99F249353BE002FDCB6 /* PageViewController.swift in Sources */ = {isa = PBXBuildFile; fileRef = B5D4F99E249353BE002FDCB6 /* PageViewController.swift */; };
		B5E4EA7424741B8400F48B38 /* CameraPlaceholderView.swift in Sources */ = {isa = PBXBuildFile; fileRef = B5E4EA7324741B8400F48B38 /* CameraPlaceholderView.swift */; };
		B5E4EA7E2475379100F48B38 /* CameraView.swift in Sources */ = {isa = PBXBuildFile; fileRef = B5E4EA7D2475379100F48B38 /* CameraView.swift */; };
		B5EB976024AE058400F458B0 /* PlaceholderTextView.swift in Sources */ = {isa = PBXBuildFile; fileRef = B5EB975F24AE058400F458B0 /* PlaceholderTextView.swift */; };
		C58867DBF624A76A439E3C49 /* Pods_PhenixGroupsUnitTests.framework in Frameworks */ = {isa = PBXBuildFile; fileRef = 0B663968A50B9D49C339785B /* Pods_PhenixGroupsUnitTests.framework */; };
		E5615D68AA3F078E666D2911 /* Pods_PhenixGroups.framework in Frameworks */ = {isa = PBXBuildFile; fileRef = 9A2FBDD988943A994D0336EC /* Pods_PhenixGroups.framework */; };
/* End PBXBuildFile section */

/* Begin PBXContainerItemProxy section */
		B5704D7424656FBE00D9703A /* PBXContainerItemProxy */ = {
			isa = PBXContainerItemProxy;
			containerPortal = B53D8F44244DCBA30055CE66 /* Project object */;
			proxyType = 1;
			remoteGlobalIDString = B53D8F4B244DCBA30055CE66;
			remoteInfo = PhenixGroups;
		};
/* End PBXContainerItemProxy section */

/* Begin PBXCopyFilesBuildPhase section */
		B5BB084B244F36B50094F254 /* Embed Frameworks */ = {
			isa = PBXCopyFilesBuildPhase;
			buildActionMask = 2147483647;
			dstPath = "";
			dstSubfolderSpec = 10;
			files = (
			);
			name = "Embed Frameworks";
			runOnlyForDeploymentPostprocessing = 0;
		};
/* End PBXCopyFilesBuildPhase section */

/* Begin PBXFileReference section */
		0B663968A50B9D49C339785B /* Pods_PhenixGroupsUnitTests.framework */ = {isa = PBXFileReference; explicitFileType = wrapper.framework; includeInIndex = 0; path = Pods_PhenixGroupsUnitTests.framework; sourceTree = BUILT_PRODUCTS_DIR; };
		14C0940C47CB1ABA71283874 /* Pods_PhenixChat.framework */ = {isa = PBXFileReference; explicitFileType = wrapper.framework; includeInIndex = 0; path = Pods_PhenixChat.framework; sourceTree = BUILT_PRODUCTS_DIR; };
		21AB40063611501FD55138BA /* Pods-PhenixGroupsUnitTests.release.xcconfig */ = {isa = PBXFileReference; includeInIndex = 1; lastKnownFileType = text.xcconfig; name = "Pods-PhenixGroupsUnitTests.release.xcconfig"; path = "Target Support Files/Pods-PhenixGroupsUnitTests/Pods-PhenixGroupsUnitTests.release.xcconfig"; sourceTree = "<group>"; };
		22187DE6D39E085980B88B03 /* Pods-PhenixChat.release.xcconfig */ = {isa = PBXFileReference; includeInIndex = 1; lastKnownFileType = text.xcconfig; name = "Pods-PhenixChat.release.xcconfig"; path = "Target Support Files/Pods-PhenixChat/Pods-PhenixChat.release.xcconfig"; sourceTree = "<group>"; };
		3B78AA6938C8BC757DE59AB5 /* Pods-PhenixGroups.debug.xcconfig */ = {isa = PBXFileReference; includeInIndex = 1; lastKnownFileType = text.xcconfig; name = "Pods-PhenixGroups.debug.xcconfig"; path = "Target Support Files/Pods-PhenixGroups/Pods-PhenixGroups.debug.xcconfig"; sourceTree = "<group>"; };
		421F0FDC3467DAD2E4A7D711 /* Pods-PhenixCore.release.xcconfig */ = {isa = PBXFileReference; includeInIndex = 1; lastKnownFileType = text.xcconfig; name = "Pods-PhenixCore.release.xcconfig"; path = "Target Support Files/Pods-PhenixCore/Pods-PhenixCore.release.xcconfig"; sourceTree = "<group>"; };
		481AFB0C27D5EAF500EC92FA /* OSLog+Initializer.swift */ = {isa = PBXFileReference; lastKnownFileType = sourcecode.swift; path = "OSLog+Initializer.swift"; sourceTree = "<group>"; };
		481E9B5627C519DF00162792 /* AppSession.swift */ = {isa = PBXFileReference; fileEncoding = 4; lastKnownFileType = sourcecode.swift; path = AppSession.swift; sourceTree = "<group>"; };
		481E9B5827C526C000162792 /* Bootstrap.swift */ = {isa = PBXFileReference; fileEncoding = 4; lastKnownFileType = sourcecode.swift; path = Bootstrap.swift; sourceTree = "<group>"; };
		481E9B5A27C527F100162792 /* UIViewController+TopViewController.swift */ = {isa = PBXFileReference; fileEncoding = 4; lastKnownFileType = sourcecode.swift; path = "UIViewController+TopViewController.swift"; sourceTree = "<group>"; };
		481E9B5C27C5378800162792 /* NewMeetingViewModel.swift */ = {isa = PBXFileReference; lastKnownFileType = sourcecode.swift; path = NewMeetingViewModel.swift; sourceTree = "<group>"; };
		481E9B6227C636C200162792 /* NewMeetingViewDelegate.swift */ = {isa = PBXFileReference; lastKnownFileType = sourcecode.swift; path = NewMeetingViewDelegate.swift; sourceTree = "<group>"; };
		481E9B6427C63B4900162792 /* NewMeetingControlViewDelegate.swift */ = {isa = PBXFileReference; lastKnownFileType = sourcecode.swift; path = NewMeetingControlViewDelegate.swift; sourceTree = "<group>"; };
		481E9B6627C653F900162792 /* NewMeetingViewModelDelegate.swift */ = {isa = PBXFileReference; lastKnownFileType = sourcecode.swift; path = NewMeetingViewModelDelegate.swift; sourceTree = "<group>"; };
		481E9B6827C655D400162792 /* JoinMeetingViewModel.swift */ = {isa = PBXFileReference; lastKnownFileType = sourcecode.swift; path = JoinMeetingViewModel.swift; sourceTree = "<group>"; };
		481E9B6A27C6566C00162792 /* JoinMeetingViewModelDelegate.swift */ = {isa = PBXFileReference; lastKnownFileType = sourcecode.swift; path = JoinMeetingViewModelDelegate.swift; sourceTree = "<group>"; };
		481E9B6C27C65E6E00162792 /* ActiveMeetingViewModel.swift */ = {isa = PBXFileReference; lastKnownFileType = sourcecode.swift; path = ActiveMeetingViewModel.swift; sourceTree = "<group>"; };
		481E9B6E27C6725100162792 /* ActiveMeetingViewDelegate.swift */ = {isa = PBXFileReference; lastKnownFileType = sourcecode.swift; path = ActiveMeetingViewDelegate.swift; sourceTree = "<group>"; };
		481E9B7227C67F1E00162792 /* ActiveMeetingInformationViewModel.swift */ = {isa = PBXFileReference; lastKnownFileType = sourcecode.swift; path = ActiveMeetingInformationViewModel.swift; sourceTree = "<group>"; };
		481E9B7C27C7BB2500162792 /* ActiveMeetingChatViewModel.swift */ = {isa = PBXFileReference; lastKnownFileType = sourcecode.swift; path = ActiveMeetingChatViewModel.swift; sourceTree = "<group>"; };
		481E9B7E27C7BC9B00162792 /* ChatMessage.swift */ = {isa = PBXFileReference; lastKnownFileType = sourcecode.swift; path = ChatMessage.swift; sourceTree = "<group>"; };
		481E9B8027C7C34D00162792 /* ActiveMeetingChatTableViewCellModel.swift */ = {isa = PBXFileReference; lastKnownFileType = sourcecode.swift; path = ActiveMeetingChatTableViewCellModel.swift; sourceTree = "<group>"; };
		481E9B8227C7DDCB00162792 /* ActiveMeetingChatViewDelegate.swift */ = {isa = PBXFileReference; lastKnownFileType = sourcecode.swift; path = ActiveMeetingChatViewDelegate.swift; sourceTree = "<group>"; };
		481E9B8427C8C5AD00162792 /* ActiveMeetingMemberListViewModel.swift */ = {isa = PBXFileReference; lastKnownFileType = sourcecode.swift; path = ActiveMeetingMemberListViewModel.swift; sourceTree = "<group>"; };
		481E9B8627C8C5BB00162792 /* ActiveMeetingMemberListView.swift */ = {isa = PBXFileReference; lastKnownFileType = sourcecode.swift; path = ActiveMeetingMemberListView.swift; sourceTree = "<group>"; };
		481E9B8827C8D5C000162792 /* PhenixCoreMember+Roles.swift */ = {isa = PBXFileReference; lastKnownFileType = sourcecode.swift; path = "PhenixCoreMember+Roles.swift"; sourceTree = "<group>"; };
		481E9B8A27C8DD0B00162792 /* ActiveMeetingMemberListViewDelegate.swift */ = {isa = PBXFileReference; lastKnownFileType = sourcecode.swift; path = ActiveMeetingMemberListViewDelegate.swift; sourceTree = "<group>"; };
		481E9B8C27C8DE6D00162792 /* ActiveMeetingMemberListTableViewCellModel.swift */ = {isa = PBXFileReference; lastKnownFileType = sourcecode.swift; path = ActiveMeetingMemberListTableViewCellModel.swift; sourceTree = "<group>"; };
		481E9B8E27C8EAEF00162792 /* ActiveMeetingMemberListTableViewCellModelDelegate.swift */ = {isa = PBXFileReference; lastKnownFileType = sourcecode.swift; path = ActiveMeetingMemberListTableViewCellModelDelegate.swift; sourceTree = "<group>"; };
		481E9BB827CD01CC00162792 /* ActiveMeetingViewModelDelegate.swift */ = {isa = PBXFileReference; lastKnownFileType = sourcecode.swift; path = ActiveMeetingViewModelDelegate.swift; sourceTree = "<group>"; };
		4AA055CD7D86025352F11B8C /* Pods_PhenixCoreIntegrationTests.framework */ = {isa = PBXFileReference; explicitFileType = wrapper.framework; includeInIndex = 0; path = Pods_PhenixCoreIntegrationTests.framework; sourceTree = BUILT_PRODUCTS_DIR; };
		523835AD0E716DA1A6D2BFDB /* Pods_PhenixCoreUnitTests.framework */ = {isa = PBXFileReference; explicitFileType = wrapper.framework; includeInIndex = 0; path = Pods_PhenixCoreUnitTests.framework; sourceTree = BUILT_PRODUCTS_DIR; };
		63765178CF878898F4AE4BBD /* Pods-PhenixGroupsUnitTests.debug.xcconfig */ = {isa = PBXFileReference; includeInIndex = 1; lastKnownFileType = text.xcconfig; name = "Pods-PhenixGroupsUnitTests.debug.xcconfig"; path = "Target Support Files/Pods-PhenixGroupsUnitTests/Pods-PhenixGroupsUnitTests.debug.xcconfig"; sourceTree = "<group>"; };
		6D4289DF1B5F519C3AD7FBE6 /* Pods_Core.framework */ = {isa = PBXFileReference; explicitFileType = wrapper.framework; includeInIndex = 0; path = Pods_Core.framework; sourceTree = BUILT_PRODUCTS_DIR; };
		8C40D2E6EDD9E71AF631406E /* Pods-PhenixChat.debug.xcconfig */ = {isa = PBXFileReference; includeInIndex = 1; lastKnownFileType = text.xcconfig; name = "Pods-PhenixChat.debug.xcconfig"; path = "Target Support Files/Pods-PhenixChat/Pods-PhenixChat.debug.xcconfig"; sourceTree = "<group>"; };
		8E042A23CD3819CFAA3A3D3A /* Pods-PhenixCoreUnitTests.release.xcconfig */ = {isa = PBXFileReference; includeInIndex = 1; lastKnownFileType = text.xcconfig; name = "Pods-PhenixCoreUnitTests.release.xcconfig"; path = "Target Support Files/Pods-PhenixCoreUnitTests/Pods-PhenixCoreUnitTests.release.xcconfig"; sourceTree = "<group>"; };
		9A2FBDD988943A994D0336EC /* Pods_PhenixGroups.framework */ = {isa = PBXFileReference; explicitFileType = wrapper.framework; includeInIndex = 0; path = Pods_PhenixGroups.framework; sourceTree = BUILT_PRODUCTS_DIR; };
		9CDE1BBEC6A18B07C2BA72CE /* Pods-PhenixCore.debug.xcconfig */ = {isa = PBXFileReference; includeInIndex = 1; lastKnownFileType = text.xcconfig; name = "Pods-PhenixCore.debug.xcconfig"; path = "Target Support Files/Pods-PhenixCore/Pods-PhenixCore.debug.xcconfig"; sourceTree = "<group>"; };
		AA30080ACB7EAFD74C5393F0 /* Pods-PhenixCoreUnitTests.debug.xcconfig */ = {isa = PBXFileReference; includeInIndex = 1; lastKnownFileType = text.xcconfig; name = "Pods-PhenixCoreUnitTests.debug.xcconfig"; path = "Target Support Files/Pods-PhenixCoreUnitTests/Pods-PhenixCoreUnitTests.debug.xcconfig"; sourceTree = "<group>"; };
		B50195DE2456FA0800DDF6AB /* README.md */ = {isa = PBXFileReference; lastKnownFileType = net.daringfireball.markdown; path = README.md; sourceTree = "<group>"; };
		B50195DF245717DC00DDF6AB /* UITextField.swift */ = {isa = PBXFileReference; lastKnownFileType = sourcecode.swift; path = UITextField.swift; sourceTree = "<group>"; };
		B50195E1245717F800DDF6AB /* UILabel.swift */ = {isa = PBXFileReference; lastKnownFileType = sourcecode.swift; path = UILabel.swift; sourceTree = "<group>"; };
		B50195E32457180F00DDF6AB /* UIButton.swift */ = {isa = PBXFileReference; lastKnownFileType = sourcecode.swift; path = UIButton.swift; sourceTree = "<group>"; };
		B50195ED24585C6200DDF6AB /* Preferences.swift */ = {isa = PBXFileReference; lastKnownFileType = sourcecode.swift; path = Preferences.swift; sourceTree = "<group>"; };
		B50195FD245AAB4300DDF6AB /* MeetingHistoryTableViewController.swift */ = {isa = PBXFileReference; lastKnownFileType = sourcecode.swift; path = MeetingHistoryTableViewController.swift; sourceTree = "<group>"; };
		B50195FF245AABA600DDF6AB /* MeetingHistoryTableViewDataSource.swift */ = {isa = PBXFileReference; lastKnownFileType = sourcecode.swift; path = MeetingHistoryTableViewDataSource.swift; sourceTree = "<group>"; };
		B5019601245AAD9B00DDF6AB /* ChildController.swift */ = {isa = PBXFileReference; lastKnownFileType = sourcecode.swift; path = ChildController.swift; sourceTree = "<group>"; };
		B510D0E5248FC258003FAEC0 /* ActivityIndicatorController.swift */ = {isa = PBXFileReference; lastKnownFileType = sourcecode.swift; path = ActivityIndicatorController.swift; sourceTree = "<group>"; };
		B510D0E7248FCA63003FAEC0 /* ActivityIndicatorProvider.swift */ = {isa = PBXFileReference; lastKnownFileType = sourcecode.swift; path = ActivityIndicatorProvider.swift; sourceTree = "<group>"; };
		B51141C624FD2229007584A1 /* CATransaction+NoAnimations.swift */ = {isa = PBXFileReference; lastKnownFileType = sourcecode.swift; path = "CATransaction+NoAnimations.swift"; sourceTree = "<group>"; };
		B52FC75E24B850F800B98B46 /* UIImageView.swift */ = {isa = PBXFileReference; lastKnownFileType = sourcecode.swift; path = UIImageView.swift; sourceTree = "<group>"; };
		B5385A2D258BA03300DFBDE1 /* AudioLevelView.swift */ = {isa = PBXFileReference; lastKnownFileType = sourcecode.swift; path = AudioLevelView.swift; sourceTree = "<group>"; };
		B53D8F4C244DCBA30055CE66 /* Phenix Groups.app */ = {isa = PBXFileReference; explicitFileType = wrapper.application; includeInIndex = 0; path = "Phenix Groups.app"; sourceTree = BUILT_PRODUCTS_DIR; };
		B53D8F4F244DCBA30055CE66 /* AppDelegate.swift */ = {isa = PBXFileReference; lastKnownFileType = sourcecode.swift; path = AppDelegate.swift; sourceTree = "<group>"; };
		B53D8F56244DCBA30055CE66 /* Base */ = {isa = PBXFileReference; lastKnownFileType = file.storyboard; name = Base; path = Base.lproj/Main.storyboard; sourceTree = "<group>"; };
		B53D8F58244DCBA80055CE66 /* Assets.xcassets */ = {isa = PBXFileReference; lastKnownFileType = folder.assetcatalog; path = Assets.xcassets; sourceTree = "<group>"; };
		B53D8F5B244DCBA80055CE66 /* Base */ = {isa = PBXFileReference; lastKnownFileType = file.storyboard; name = Base; path = Base.lproj/LaunchScreen.storyboard; sourceTree = "<group>"; };
		B53D8F5D244DCBA80055CE66 /* Info.plist */ = {isa = PBXFileReference; lastKnownFileType = text.plist.xml; path = Info.plist; sourceTree = "<group>"; };
		B54D59A22451BCDC00454066 /* NewMeetingViewController.swift */ = {isa = PBXFileReference; lastKnownFileType = sourcecode.swift; path = NewMeetingViewController.swift; sourceTree = "<group>"; };
		B54D59A42451C13400454066 /* NewMeetingControlView.swift */ = {isa = PBXFileReference; lastKnownFileType = sourcecode.swift; path = NewMeetingControlView.swift; sourceTree = "<group>"; };
		B54D59B1245307F600454066 /* ActiveMeetingViewController.swift */ = {isa = PBXFileReference; lastKnownFileType = sourcecode.swift; path = ActiveMeetingViewController.swift; sourceTree = "<group>"; };
		B560170B24AB4DDB0091692A /* ActiveMeetingChatViewDataSource.swift */ = {isa = PBXFileReference; lastKnownFileType = sourcecode.swift; path = ActiveMeetingChatViewDataSource.swift; sourceTree = "<group>"; };
		B560170E24AB4E420091692A /* ActiveMeetingChatTableViewCell.swift */ = {isa = PBXFileReference; lastKnownFileType = sourcecode.swift; path = ActiveMeetingChatTableViewCell.swift; sourceTree = "<group>"; };
		B560171024AB6B140091692A /* ActiveMeetingChatView.swift */ = {isa = PBXFileReference; lastKnownFileType = sourcecode.swift; path = ActiveMeetingChatView.swift; sourceTree = "<group>"; };
		B5619D24249776F00072669D /* PageContainerMember.swift */ = {isa = PBXFileReference; lastKnownFileType = sourcecode.swift; path = PageContainerMember.swift; sourceTree = "<group>"; };
		B5619D2624977CA60072669D /* ActiveMeetingChatViewController.swift */ = {isa = PBXFileReference; lastKnownFileType = sourcecode.swift; path = ActiveMeetingChatViewController.swift; sourceTree = "<group>"; };
		B5619D282497A0EF0072669D /* TabBarButton.swift */ = {isa = PBXFileReference; lastKnownFileType = sourcecode.swift; path = TabBarButton.swift; sourceTree = "<group>"; };
		B563A4B5247D51FF007101C7 /* ActiveMeetingInformationViewController.swift */ = {isa = PBXFileReference; lastKnownFileType = sourcecode.swift; path = ActiveMeetingInformationViewController.swift; sourceTree = "<group>"; };
		B566BF6F2481412900A2DE75 /* ActiveMeetingMemberListViewController.swift */ = {isa = PBXFileReference; lastKnownFileType = sourcecode.swift; path = ActiveMeetingMemberListViewController.swift; sourceTree = "<group>"; };
		B566BF712481431A00A2DE75 /* ActiveMeetingMemberListViewDataSource.swift */ = {isa = PBXFileReference; lastKnownFileType = sourcecode.swift; path = ActiveMeetingMemberListViewDataSource.swift; sourceTree = "<group>"; };
		B566BF75248143F700A2DE75 /* ActiveMeetingMemberListTableViewCell.swift */ = {isa = PBXFileReference; lastKnownFileType = sourcecode.swift; path = ActiveMeetingMemberListTableViewCell.swift; sourceTree = "<group>"; };
		B5704D3124642DBA00D9703A /* Encode.swift */ = {isa = PBXFileReference; lastKnownFileType = sourcecode.swift; path = Encode.swift; sourceTree = "<group>"; };
		B5704D332464346500D9703A /* Decode.swift */ = {isa = PBXFileReference; lastKnownFileType = sourcecode.swift; path = Decode.swift; sourceTree = "<group>"; };
		B5704D672465369000D9703A /* ActiveMeetingView.swift */ = {isa = PBXFileReference; lastKnownFileType = sourcecode.swift; path = ActiveMeetingView.swift; sourceTree = "<group>"; };
		B5704D6F24656FBE00D9703A /* PhenixGroupsUnitTests.xctest */ = {isa = PBXFileReference; explicitFileType = wrapper.cfbundle; includeInIndex = 0; path = PhenixGroupsUnitTests.xctest; sourceTree = BUILT_PRODUCTS_DIR; };
		B5704D7324656FBE00D9703A /* Info.plist */ = {isa = PBXFileReference; lastKnownFileType = text.plist.xml; path = Info.plist; sourceTree = "<group>"; };
		B5704D7A2465701400D9703A /* ControlButtonTests.swift */ = {isa = PBXFileReference; lastKnownFileType = sourcecode.swift; path = ControlButtonTests.swift; sourceTree = "<group>"; };
		B5777E5E246C25CB000B4CA9 /* LaunchViewController.swift */ = {isa = PBXFileReference; lastKnownFileType = sourcecode.swift; path = LaunchViewController.swift; sourceTree = "<group>"; };
		B594ABBC2499FF4F0042ED1F /* CameraPinView.swift */ = {isa = PBXFileReference; lastKnownFileType = sourcecode.swift; path = CameraPinView.swift; sourceTree = "<group>"; };
		B59D19DC24629F69008E2C2D /* JoinMeetingViewController.swift */ = {isa = PBXFileReference; lastKnownFileType = sourcecode.swift; path = JoinMeetingViewController.swift; sourceTree = "<group>"; };
		B59D19DF24629FAE008E2C2D /* JoinMeetingView.swift */ = {isa = PBXFileReference; lastKnownFileType = sourcecode.swift; path = JoinMeetingView.swift; sourceTree = "<group>"; };
		B59D19E42462DFCB008E2C2D /* ShowMeeting.swift */ = {isa = PBXFileReference; lastKnownFileType = sourcecode.swift; path = ShowMeeting.swift; sourceTree = "<group>"; };
		B59D19E62462DFDF008E2C2D /* JoinMeeting.swift */ = {isa = PBXFileReference; lastKnownFileType = sourcecode.swift; path = JoinMeeting.swift; sourceTree = "<group>"; };
		B59D19EA2462E010008E2C2D /* JoinCancellation.swift */ = {isa = PBXFileReference; lastKnownFileType = sourcecode.swift; path = JoinCancellation.swift; sourceTree = "<group>"; };
		B59D19ED2462E038008E2C2D /* MeetingFinished.swift */ = {isa = PBXFileReference; lastKnownFileType = sourcecode.swift; path = MeetingFinished.swift; sourceTree = "<group>"; };
		B59D19F52462EE65008E2C2D /* Meeting.swift */ = {isa = PBXFileReference; lastKnownFileType = sourcecode.swift; path = Meeting.swift; sourceTree = "<group>"; };
		B59D19F72463132C008E2C2D /* MeetingHistoryTableViewCell.swift */ = {isa = PBXFileReference; lastKnownFileType = sourcecode.swift; path = MeetingHistoryTableViewCell.swift; sourceTree = "<group>"; };
		B59D19F924631398008E2C2D /* CellIdentified.swift */ = {isa = PBXFileReference; lastKnownFileType = sourcecode.swift; path = CellIdentified.swift; sourceTree = "<group>"; };
		B5AC268B2552D59A003E2AEA /* Phenix Groups.entitlements */ = {isa = PBXFileReference; lastKnownFileType = text.plist.entitlements; path = "Phenix Groups.entitlements"; sourceTree = "<group>"; };
		B5BB082C244F1FB20094F254 /* Colors.xcassets */ = {isa = PBXFileReference; lastKnownFileType = folder.assetcatalog; path = Colors.xcassets; sourceTree = "<group>"; };
		B5BB0831244F281F0094F254 /* Coordinator.swift */ = {isa = PBXFileReference; lastKnownFileType = sourcecode.swift; path = Coordinator.swift; sourceTree = "<group>"; };
		B5BB0835244F287F0094F254 /* MainCoordinator.swift */ = {isa = PBXFileReference; lastKnownFileType = sourcecode.swift; path = MainCoordinator.swift; sourceTree = "<group>"; };
		B5BB0837244F28E80094F254 /* Storyboarded.swift */ = {isa = PBXFileReference; lastKnownFileType = sourcecode.swift; path = Storyboarded.swift; sourceTree = "<group>"; };
		B5C25EF4245B010600542E1C /* ControlButton.swift */ = {isa = PBXFileReference; lastKnownFileType = sourcecode.swift; path = ControlButton.swift; sourceTree = "<group>"; };
		B5C25EFC245B33D900542E1C /* NewMeetingView.swift */ = {isa = PBXFileReference; lastKnownFileType = sourcecode.swift; path = NewMeetingView.swift; sourceTree = "<group>"; };
		B5D4F99E249353BE002FDCB6 /* PageViewController.swift */ = {isa = PBXFileReference; lastKnownFileType = sourcecode.swift; path = PageViewController.swift; sourceTree = "<group>"; };
		B5E4EA7324741B8400F48B38 /* CameraPlaceholderView.swift */ = {isa = PBXFileReference; lastKnownFileType = sourcecode.swift; path = CameraPlaceholderView.swift; sourceTree = "<group>"; };
		B5E4EA7D2475379100F48B38 /* CameraView.swift */ = {isa = PBXFileReference; lastKnownFileType = sourcecode.swift; path = CameraView.swift; sourceTree = "<group>"; };
		B5EB975F24AE058400F458B0 /* PlaceholderTextView.swift */ = {isa = PBXFileReference; lastKnownFileType = sourcecode.swift; path = PlaceholderTextView.swift; sourceTree = "<group>"; };
		C14018589F0F82A57D4D0B42 /* Pods-PhenixGroups.release.xcconfig */ = {isa = PBXFileReference; includeInIndex = 1; lastKnownFileType = text.xcconfig; name = "Pods-PhenixGroups.release.xcconfig"; path = "Target Support Files/Pods-PhenixGroups/Pods-PhenixGroups.release.xcconfig"; sourceTree = "<group>"; };
		EFA941014B5CCB73D1134E8F /* Pods_PhenixCore.framework */ = {isa = PBXFileReference; explicitFileType = wrapper.framework; includeInIndex = 0; path = Pods_PhenixCore.framework; sourceTree = BUILT_PRODUCTS_DIR; };
/* End PBXFileReference section */

/* Begin PBXFrameworksBuildPhase section */
		B53D8F49244DCBA30055CE66 /* Frameworks */ = {
			isa = PBXFrameworksBuildPhase;
			buildActionMask = 2147483647;
			files = (
				E5615D68AA3F078E666D2911 /* Pods_PhenixGroups.framework in Frameworks */,
			);
			runOnlyForDeploymentPostprocessing = 0;
		};
		B5704D6C24656FBE00D9703A /* Frameworks */ = {
			isa = PBXFrameworksBuildPhase;
			buildActionMask = 2147483647;
			files = (
				C58867DBF624A76A439E3C49 /* Pods_PhenixGroupsUnitTests.framework in Frameworks */,
			);
			runOnlyForDeploymentPostprocessing = 0;
		};
/* End PBXFrameworksBuildPhase section */

/* Begin PBXGroup section */
		1AC689757336278AA1E132FB /* Pods */ = {
			isa = PBXGroup;
			children = (
				3B78AA6938C8BC757DE59AB5 /* Pods-PhenixGroups.debug.xcconfig */,
				C14018589F0F82A57D4D0B42 /* Pods-PhenixGroups.release.xcconfig */,
				9CDE1BBEC6A18B07C2BA72CE /* Pods-PhenixCore.debug.xcconfig */,
				421F0FDC3467DAD2E4A7D711 /* Pods-PhenixCore.release.xcconfig */,
				AA30080ACB7EAFD74C5393F0 /* Pods-PhenixCoreUnitTests.debug.xcconfig */,
				8E042A23CD3819CFAA3A3D3A /* Pods-PhenixCoreUnitTests.release.xcconfig */,
				8C40D2E6EDD9E71AF631406E /* Pods-PhenixChat.debug.xcconfig */,
				22187DE6D39E085980B88B03 /* Pods-PhenixChat.release.xcconfig */,
				63765178CF878898F4AE4BBD /* Pods-PhenixGroupsUnitTests.debug.xcconfig */,
				21AB40063611501FD55138BA /* Pods-PhenixGroupsUnitTests.release.xcconfig */,
			);
			path = Pods;
			sourceTree = "<group>";
		};
		481E9B5E27C62CB600162792 /* NewMeeting */ = {
			isa = PBXGroup;
			children = (
				B54D59A42451C13400454066 /* NewMeetingControlView.swift */,
				481E9B6427C63B4900162792 /* NewMeetingControlViewDelegate.swift */,
				B5C25EFC245B33D900542E1C /* NewMeetingView.swift */,
				B54D59A22451BCDC00454066 /* NewMeetingViewController.swift */,
				481E9B6227C636C200162792 /* NewMeetingViewDelegate.swift */,
				481E9B5C27C5378800162792 /* NewMeetingViewModel.swift */,
				481E9B6627C653F900162792 /* NewMeetingViewModelDelegate.swift */,
			);
			path = NewMeeting;
			sourceTree = "<group>";
		};
		481E9B5F27C62CCF00162792 /* MeetingHistory */ = {
			isa = PBXGroup;
			children = (
				B59D19F72463132C008E2C2D /* MeetingHistoryTableViewCell.swift */,
				B50195FD245AAB4300DDF6AB /* MeetingHistoryTableViewController.swift */,
				B50195FF245AABA600DDF6AB /* MeetingHistoryTableViewDataSource.swift */,
			);
			path = MeetingHistory;
			sourceTree = "<group>";
		};
		83923EBBB69DC0D9B250C925 /* Frameworks */ = {
			isa = PBXGroup;
			children = (
				9A2FBDD988943A994D0336EC /* Pods_PhenixGroups.framework */,
				6D4289DF1B5F519C3AD7FBE6 /* Pods_Core.framework */,
				EFA941014B5CCB73D1134E8F /* Pods_PhenixCore.framework */,
				4AA055CD7D86025352F11B8C /* Pods_PhenixCoreIntegrationTests.framework */,
				523835AD0E716DA1A6D2BFDB /* Pods_PhenixCoreUnitTests.framework */,
				14C0940C47CB1ABA71283874 /* Pods_PhenixChat.framework */,
				0B663968A50B9D49C339785B /* Pods_PhenixGroupsUnitTests.framework */,
			);
			name = Frameworks;
			sourceTree = "<group>";
		};
		B53D8F43244DCBA30055CE66 = {
			isa = PBXGroup;
			children = (
				B50195DE2456FA0800DDF6AB /* README.md */,
				B53D8F4E244DCBA30055CE66 /* PhenixGroups */,
				B5704D7024656FBE00D9703A /* PhenixGroupsUnitTests */,
				B53D8F4D244DCBA30055CE66 /* Products */,
				1AC689757336278AA1E132FB /* Pods */,
				83923EBBB69DC0D9B250C925 /* Frameworks */,
			);
			sourceTree = "<group>";
		};
		B53D8F4D244DCBA30055CE66 /* Products */ = {
			isa = PBXGroup;
			children = (
				B53D8F4C244DCBA30055CE66 /* Phenix Groups.app */,
				B5704D6F24656FBE00D9703A /* PhenixGroupsUnitTests.xctest */,
			);
			name = Products;
			sourceTree = "<group>";
		};
		B53D8F4E244DCBA30055CE66 /* PhenixGroups */ = {
			isa = PBXGroup;
			children = (
				B5AC268B2552D59A003E2AEA /* Phenix Groups.entitlements */,
				B53D8F4F244DCBA30055CE66 /* AppDelegate.swift */,
				481E9B5627C519DF00162792 /* AppSession.swift */,
				481E9B5827C526C000162792 /* Bootstrap.swift */,
				B5BB0830244F27BD0094F254 /* Coordinators */,
				B5BB082F244F27B30094F254 /* Managers */,
				B59D19EF2462E230008E2C2D /* Models */,
				B53D8F64244DCBEF0055CE66 /* Resources */,
				B5BB082E244F27960094F254 /* Scenes */,
				B53D8F63244DCBDF0055CE66 /* Supporting Files */,
				B53D8F66244DD7210055CE66 /* User Interface */,
				B5BB0833244F28270094F254 /* Utils */,
			);
			path = PhenixGroups;
			sourceTree = "<group>";
		};
		B53D8F63244DCBDF0055CE66 /* Supporting Files */ = {
			isa = PBXGroup;
			children = (
				B53D8F5A244DCBA80055CE66 /* LaunchScreen.storyboard */,
				B53D8F5D244DCBA80055CE66 /* Info.plist */,
			);
			path = "Supporting Files";
			sourceTree = "<group>";
		};
		B53D8F64244DCBEF0055CE66 /* Resources */ = {
			isa = PBXGroup;
			children = (
				B53D8F58244DCBA80055CE66 /* Assets.xcassets */,
				B5BB082C244F1FB20094F254 /* Colors.xcassets */,
			);
			path = Resources;
			sourceTree = "<group>";
		};
		B53D8F66244DD7210055CE66 /* User Interface */ = {
			isa = PBXGroup;
			children = (
				B59D19E22462A75C008E2C2D /* Elements */,
				B5C25EF3245B005400542E1C /* Views */,
				B53D8F55244DCBA30055CE66 /* Main.storyboard */,
			);
			path = "User Interface";
			sourceTree = "<group>";
		};
		B54D59A12451BCBF00454066 /* New Meeting Scene */ = {
			isa = PBXGroup;
			children = (
				481E9B5F27C62CCF00162792 /* MeetingHistory */,
				481E9B5E27C62CB600162792 /* NewMeeting */,
			);
			path = "New Meeting Scene";
			sourceTree = "<group>";
		};
		B54D59B0245307CC00454066 /* Active Meeting Scene */ = {
			isa = PBXGroup;
			children = (
				B5D4F99D2493538C002FDCB6 /* PageViewController */,
				B566BF77248152B100A2DE75 /* Scenes */,
				B5704D662465366D00D9703A /* ActiveMeeting */,
			);
			path = "Active Meeting Scene";
			sourceTree = "<group>";
		};
		B560170D24AB4E270091692A /* Views */ = {
			isa = PBXGroup;
			children = (
				B5EB975F24AE058400F458B0 /* PlaceholderTextView.swift */,
			);
			path = Views;
			sourceTree = "<group>";
		};
		B5619D2A2497A3100072669D /* Views */ = {
			isa = PBXGroup;
			children = (
				B5619D282497A0EF0072669D /* TabBarButton.swift */,
			);
			path = Views;
			sourceTree = "<group>";
		};
		B563A4B2247D496C007101C7 /* Active Meeting Members */ = {
			isa = PBXGroup;
			children = (
				B566BF75248143F700A2DE75 /* ActiveMeetingMemberListTableViewCell.swift */,
				481E9B8C27C8DE6D00162792 /* ActiveMeetingMemberListTableViewCellModel.swift */,
				481E9B8E27C8EAEF00162792 /* ActiveMeetingMemberListTableViewCellModelDelegate.swift */,
				481E9B8627C8C5BB00162792 /* ActiveMeetingMemberListView.swift */,
				B566BF6F2481412900A2DE75 /* ActiveMeetingMemberListViewController.swift */,
				B566BF712481431A00A2DE75 /* ActiveMeetingMemberListViewDataSource.swift */,
				481E9B8A27C8DD0B00162792 /* ActiveMeetingMemberListViewDelegate.swift */,
				481E9B8427C8C5AD00162792 /* ActiveMeetingMemberListViewModel.swift */,
			);
			path = "Active Meeting Members";
			sourceTree = "<group>";
		};
		B563A4B3247D4996007101C7 /* Active Meeting Chat */ = {
			isa = PBXGroup;
			children = (
				B560170E24AB4E420091692A /* ActiveMeetingChatTableViewCell.swift */,
				481E9B8027C7C34D00162792 /* ActiveMeetingChatTableViewCellModel.swift */,
				B560171024AB6B140091692A /* ActiveMeetingChatView.swift */,
				B5619D2624977CA60072669D /* ActiveMeetingChatViewController.swift */,
				B560170B24AB4DDB0091692A /* ActiveMeetingChatViewDataSource.swift */,
				481E9B8227C7DDCB00162792 /* ActiveMeetingChatViewDelegate.swift */,
				481E9B7C27C7BB2500162792 /* ActiveMeetingChatViewModel.swift */,
				481E9B7E27C7BC9B00162792 /* ChatMessage.swift */,
				B560170D24AB4E270091692A /* Views */,
			);
			path = "Active Meeting Chat";
			sourceTree = "<group>";
		};
		B563A4B4247D499E007101C7 /* Active Meeting Information */ = {
			isa = PBXGroup;
			children = (
				B563A4B5247D51FF007101C7 /* ActiveMeetingInformationViewController.swift */,
				481E9B7227C67F1E00162792 /* ActiveMeetingInformationViewModel.swift */,
			);
			path = "Active Meeting Information";
			sourceTree = "<group>";
		};
		B566BF77248152B100A2DE75 /* Scenes */ = {
			isa = PBXGroup;
			children = (
				B563A4B3247D4996007101C7 /* Active Meeting Chat */,
				B563A4B4247D499E007101C7 /* Active Meeting Information */,
				B563A4B2247D496C007101C7 /* Active Meeting Members */,
			);
			path = Scenes;
			sourceTree = "<group>";
		};
		B5704D662465366D00D9703A /* ActiveMeeting */ = {
			isa = PBXGroup;
			children = (
				B5704D672465369000D9703A /* ActiveMeetingView.swift */,
				B54D59B1245307F600454066 /* ActiveMeetingViewController.swift */,
				481E9B6E27C6725100162792 /* ActiveMeetingViewDelegate.swift */,
				481E9B6C27C65E6E00162792 /* ActiveMeetingViewModel.swift */,
				481E9BB827CD01CC00162792 /* ActiveMeetingViewModelDelegate.swift */,
			);
			path = ActiveMeeting;
			sourceTree = "<group>";
		};
		B5704D7024656FBE00D9703A /* PhenixGroupsUnitTests */ = {
			isa = PBXGroup;
			children = (
				B5704D7924656FF500D9703A /* Supporting Files */,
				B5704D7A2465701400D9703A /* ControlButtonTests.swift */,
			);
			path = PhenixGroupsUnitTests;
			sourceTree = "<group>";
		};
		B5704D7924656FF500D9703A /* Supporting Files */ = {
			isa = PBXGroup;
			children = (
				B5704D7324656FBE00D9703A /* Info.plist */,
			);
			path = "Supporting Files";
			sourceTree = "<group>";
		};
		B5777E5D246C2590000B4CA9 /* Launch Scene */ = {
			isa = PBXGroup;
			children = (
				B5777E5E246C25CB000B4CA9 /* LaunchViewController.swift */,
			);
			path = "Launch Scene";
			sourceTree = "<group>";
		};
		B59D19DB24629F47008E2C2D /* Join Meeting Scene */ = {
			isa = PBXGroup;
			children = (
				B59D19DF24629FAE008E2C2D /* JoinMeetingView.swift */,
				B59D19DC24629F69008E2C2D /* JoinMeetingViewController.swift */,
				481E9B6827C655D400162792 /* JoinMeetingViewModel.swift */,
				481E9B6A27C6566C00162792 /* JoinMeetingViewModelDelegate.swift */,
			);
			path = "Join Meeting Scene";
			sourceTree = "<group>";
		};
		B59D19E22462A75C008E2C2D /* Elements */ = {
			isa = PBXGroup;
			children = (
				B50195E32457180F00DDF6AB /* UIButton.swift */,
				B52FC75E24B850F800B98B46 /* UIImageView.swift */,
				B50195E1245717F800DDF6AB /* UILabel.swift */,
				B50195DF245717DC00DDF6AB /* UITextField.swift */,
			);
			path = Elements;
			sourceTree = "<group>";
		};
		B59D19E32462DFBC008E2C2D /* Protocols */ = {
			isa = PBXGroup;
			children = (
				B59D19EA2462E010008E2C2D /* JoinCancellation.swift */,
				B59D19E62462DFDF008E2C2D /* JoinMeeting.swift */,
				B59D19ED2462E038008E2C2D /* MeetingFinished.swift */,
				B59D19E42462DFCB008E2C2D /* ShowMeeting.swift */,
			);
			path = Protocols;
			sourceTree = "<group>";
		};
		B59D19EF2462E230008E2C2D /* Models */ = {
			isa = PBXGroup;
			children = (
				B59D19F52462EE65008E2C2D /* Meeting.swift */,
			);
			path = Models;
			sourceTree = "<group>";
		};
		B5BB082E244F27960094F254 /* Scenes */ = {
			isa = PBXGroup;
			children = (
				B54D59B0245307CC00454066 /* Active Meeting Scene */,
				B59D19DB24629F47008E2C2D /* Join Meeting Scene */,
				B5777E5D246C2590000B4CA9 /* Launch Scene */,
				B54D59A12451BCBF00454066 /* New Meeting Scene */,
			);
			path = Scenes;
			sourceTree = "<group>";
		};
		B5BB082F244F27B30094F254 /* Managers */ = {
			isa = PBXGroup;
			children = (
				B510D0E5248FC258003FAEC0 /* ActivityIndicatorController.swift */,
				B50195ED24585C6200DDF6AB /* Preferences.swift */,
			);
			path = Managers;
			sourceTree = "<group>";
		};
		B5BB0830244F27BD0094F254 /* Coordinators */ = {
			isa = PBXGroup;
			children = (
				B5BB0831244F281F0094F254 /* Coordinator.swift */,
				B5BB0835244F287F0094F254 /* MainCoordinator.swift */,
				B59D19E32462DFBC008E2C2D /* Protocols */,
			);
			path = Coordinators;
			sourceTree = "<group>";
		};
		B5BB0833244F28270094F254 /* Utils */ = {
			isa = PBXGroup;
			children = (
				B510D0E7248FCA63003FAEC0 /* ActivityIndicatorProvider.swift */,
				B51141C624FD2229007584A1 /* CATransaction+NoAnimations.swift */,
				B59D19F924631398008E2C2D /* CellIdentified.swift */,
				B5019601245AAD9B00DDF6AB /* ChildController.swift */,
				B5704D332464346500D9703A /* Decode.swift */,
				B5704D3124642DBA00D9703A /* Encode.swift */,
				481AFB0C27D5EAF500EC92FA /* OSLog+Initializer.swift */,
				481E9B8827C8D5C000162792 /* PhenixCoreMember+Roles.swift */,
				B5BB0837244F28E80094F254 /* Storyboarded.swift */,
				481E9B5A27C527F100162792 /* UIViewController+TopViewController.swift */,
			);
			path = Utils;
			sourceTree = "<group>";
		};
		B5C25EF3245B005400542E1C /* Views */ = {
			isa = PBXGroup;
			children = (
				B594ABBC2499FF4F0042ED1F /* CameraPinView.swift */,
				B5E4EA7324741B8400F48B38 /* CameraPlaceholderView.swift */,
				B5E4EA7D2475379100F48B38 /* CameraView.swift */,
				B5C25EF4245B010600542E1C /* ControlButton.swift */,
				B5385A2D258BA03300DFBDE1 /* AudioLevelView.swift */,
			);
			path = Views;
			sourceTree = "<group>";
		};
		B5D4F99D2493538C002FDCB6 /* PageViewController */ = {
			isa = PBXGroup;
			children = (
				B5619D24249776F00072669D /* PageContainerMember.swift */,
				B5D4F99E249353BE002FDCB6 /* PageViewController.swift */,
				B5619D2A2497A3100072669D /* Views */,
			);
			path = PageViewController;
			sourceTree = "<group>";
		};
/* End PBXGroup section */

/* Begin PBXNativeTarget section */
		B53D8F4B244DCBA30055CE66 /* PhenixGroups */ = {
			isa = PBXNativeTarget;
			buildConfigurationList = B53D8F60244DCBA80055CE66 /* Build configuration list for PBXNativeTarget "PhenixGroups" */;
			buildPhases = (
				D58EFB5A162F0DA9019A62FB /* [CP] Check Pods Manifest.lock */,
				B53D8F48244DCBA30055CE66 /* Sources */,
				B53D8F49244DCBA30055CE66 /* Frameworks */,
				B53D8F4A244DCBA30055CE66 /* Resources */,
				B5BB084B244F36B50094F254 /* Embed Frameworks */,
				B54D599A2451AF9B00454066 /* Static Analysis for Swift using SwiftLint */,
				B50195EB2458125F00DDF6AB /* Catch bad copyrights */,
				AA9119EFF41517890F780AC5 /* [CP] Embed Pods Frameworks */,
			);
			buildRules = (
			);
			dependencies = (
			);
			name = PhenixGroups;
			productName = PhenixGroups;
			productReference = B53D8F4C244DCBA30055CE66 /* Phenix Groups.app */;
			productType = "com.apple.product-type.application";
		};
		B5704D6E24656FBE00D9703A /* PhenixGroupsUnitTests */ = {
			isa = PBXNativeTarget;
			buildConfigurationList = B5704D7824656FBF00D9703A /* Build configuration list for PBXNativeTarget "PhenixGroupsUnitTests" */;
			buildPhases = (
				B430DA630B6F5A5D03FE1810 /* [CP] Check Pods Manifest.lock */,
				B5704D6B24656FBE00D9703A /* Sources */,
				B5704D6C24656FBE00D9703A /* Frameworks */,
				B5704D6D24656FBE00D9703A /* Resources */,
			);
			buildRules = (
			);
			dependencies = (
				B5704D7524656FBE00D9703A /* PBXTargetDependency */,
			);
			name = PhenixGroupsUnitTests;
			productName = PhenixGroupsUnitTests;
			productReference = B5704D6F24656FBE00D9703A /* PhenixGroupsUnitTests.xctest */;
			productType = "com.apple.product-type.bundle.unit-test";
		};
/* End PBXNativeTarget section */

/* Begin PBXProject section */
		B53D8F44244DCBA30055CE66 /* Project object */ = {
			isa = PBXProject;
			attributes = {
				LastSwiftUpdateCheck = 1140;
				LastUpgradeCheck = 1200;
				ORGANIZATIONNAME = "Phenix Real Time Solutions, Inc";
				TargetAttributes = {
					B53D8F4B244DCBA30055CE66 = {
						CreatedOnToolsVersion = 11.4;
					};
					B5704D6E24656FBE00D9703A = {
						CreatedOnToolsVersion = 11.4;
						TestTargetID = B53D8F4B244DCBA30055CE66;
					};
				};
			};
			buildConfigurationList = B53D8F47244DCBA30055CE66 /* Build configuration list for PBXProject "PhenixGroups" */;
			compatibilityVersion = "Xcode 12.0";
			developmentRegion = en;
			hasScannedForEncodings = 0;
			knownRegions = (
				en,
				Base,
			);
			mainGroup = B53D8F43244DCBA30055CE66;
			productRefGroup = B53D8F4D244DCBA30055CE66 /* Products */;
			projectDirPath = "";
			projectRoot = "";
			targets = (
				B53D8F4B244DCBA30055CE66 /* PhenixGroups */,
				B5704D6E24656FBE00D9703A /* PhenixGroupsUnitTests */,
			);
		};
/* End PBXProject section */

/* Begin PBXResourcesBuildPhase section */
		B53D8F4A244DCBA30055CE66 /* Resources */ = {
			isa = PBXResourcesBuildPhase;
			buildActionMask = 2147483647;
			files = (
				B53D8F5C244DCBA80055CE66 /* LaunchScreen.storyboard in Resources */,
				B5BB082D244F1FB20094F254 /* Colors.xcassets in Resources */,
				B53D8F59244DCBA80055CE66 /* Assets.xcassets in Resources */,
				B53D8F57244DCBA30055CE66 /* Main.storyboard in Resources */,
			);
			runOnlyForDeploymentPostprocessing = 0;
		};
		B5704D6D24656FBE00D9703A /* Resources */ = {
			isa = PBXResourcesBuildPhase;
			buildActionMask = 2147483647;
			files = (
			);
			runOnlyForDeploymentPostprocessing = 0;
		};
/* End PBXResourcesBuildPhase section */

/* Begin PBXShellScriptBuildPhase section */
		AA9119EFF41517890F780AC5 /* [CP] Embed Pods Frameworks */ = {
			isa = PBXShellScriptBuildPhase;
			buildActionMask = 2147483647;
			files = (
			);
			inputFileListPaths = (
				"${PODS_ROOT}/Target Support Files/Pods-PhenixGroups/Pods-PhenixGroups-frameworks-${CONFIGURATION}-input-files.xcfilelist",
			);
			name = "[CP] Embed Pods Frameworks";
			outputFileListPaths = (
				"${PODS_ROOT}/Target Support Files/Pods-PhenixGroups/Pods-PhenixGroups-frameworks-${CONFIGURATION}-output-files.xcfilelist",
			);
			runOnlyForDeploymentPostprocessing = 0;
			shellPath = /bin/sh;
			shellScript = "\"${PODS_ROOT}/Target Support Files/Pods-PhenixGroups/Pods-PhenixGroups-frameworks.sh\"\n";
			showEnvVarsInLog = 0;
		};
		B430DA630B6F5A5D03FE1810 /* [CP] Check Pods Manifest.lock */ = {
			isa = PBXShellScriptBuildPhase;
			buildActionMask = 2147483647;
			files = (
			);
			inputFileListPaths = (
			);
			inputPaths = (
				"${PODS_PODFILE_DIR_PATH}/Podfile.lock",
				"${PODS_ROOT}/Manifest.lock",
			);
			name = "[CP] Check Pods Manifest.lock";
			outputFileListPaths = (
			);
			outputPaths = (
				"$(DERIVED_FILE_DIR)/Pods-PhenixGroupsUnitTests-checkManifestLockResult.txt",
			);
			runOnlyForDeploymentPostprocessing = 0;
			shellPath = /bin/sh;
			shellScript = "diff \"${PODS_PODFILE_DIR_PATH}/Podfile.lock\" \"${PODS_ROOT}/Manifest.lock\" > /dev/null\nif [ $? != 0 ] ; then\n    # print error to STDERR\n    echo \"error: The sandbox is not in sync with the Podfile.lock. Run 'pod install' or update your CocoaPods installation.\" >&2\n    exit 1\nfi\n# This output is used by Xcode 'outputs' to avoid re-running this script phase.\necho \"SUCCESS\" > \"${SCRIPT_OUTPUT_FILE_0}\"\n";
			showEnvVarsInLog = 0;
		};
		B50195EB2458125F00DDF6AB /* Catch bad copyrights */ = {
			isa = PBXShellScriptBuildPhase;
			alwaysOutOfDate = 1;
			buildActionMask = 2147483647;
			files = (
			);
			inputFileListPaths = (
			);
			inputPaths = (
			);
			name = "Catch bad copyrights";
			outputFileListPaths = (
			);
			outputPaths = (
			);
			runOnlyForDeploymentPostprocessing = 0;
			shellPath = /bin/sh;
			shellScript = "COPYRIGHT=\"Copyright $(date +\"%Y\") Phenix Real Time Solutions, Inc. Confidential and Proprietary. All rights reserved.\"\n\n# Paths which contains files, which needs to be checked.\nPATH1=\"${SRCROOT}/PhenixGroups\"\nPATH2=\"${SRCROOT}/PhenixGroupsUnitTests\"\n\nPATHS=(${PATH1} ${PATH2})\n\nfor i in \"${PATHS[@]}\"\ndo\n   echo \"searching ${i} for ${COPYRIGHT}\"\n   find \"${i}\" \\( -name \"*.h\" -or -name \"*.m\" -or -name \"*.swift\" \\) -print0 \\\n       | xargs -0 egrep --with-filename --files-without-match \"($COPYRIGHT)\" \\\n       | perl -p -e \"s/(.*)$/\\$1: warning: Incorrect or no copyright \\$1/\"\ndone\n";
		};
		B54D599A2451AF9B00454066 /* Static Analysis for Swift using SwiftLint */ = {
			isa = PBXShellScriptBuildPhase;
			alwaysOutOfDate = 1;
			buildActionMask = 2147483647;
			files = (
			);
			inputFileListPaths = (
			);
			inputPaths = (
			);
			name = "Static Analysis for Swift using SwiftLint";
			outputFileListPaths = (
			);
			outputPaths = (
			);
			runOnlyForDeploymentPostprocessing = 0;
			shellPath = /bin/sh;
			shellScript = "\"${PODS_ROOT}/SwiftLint/swiftlint\"\n";
		};
		D58EFB5A162F0DA9019A62FB /* [CP] Check Pods Manifest.lock */ = {
			isa = PBXShellScriptBuildPhase;
			buildActionMask = 2147483647;
			files = (
			);
			inputFileListPaths = (
			);
			inputPaths = (
				"${PODS_PODFILE_DIR_PATH}/Podfile.lock",
				"${PODS_ROOT}/Manifest.lock",
			);
			name = "[CP] Check Pods Manifest.lock";
			outputFileListPaths = (
			);
			outputPaths = (
				"$(DERIVED_FILE_DIR)/Pods-PhenixGroups-checkManifestLockResult.txt",
			);
			runOnlyForDeploymentPostprocessing = 0;
			shellPath = /bin/sh;
			shellScript = "diff \"${PODS_PODFILE_DIR_PATH}/Podfile.lock\" \"${PODS_ROOT}/Manifest.lock\" > /dev/null\nif [ $? != 0 ] ; then\n    # print error to STDERR\n    echo \"error: The sandbox is not in sync with the Podfile.lock. Run 'pod install' or update your CocoaPods installation.\" >&2\n    exit 1\nfi\n# This output is used by Xcode 'outputs' to avoid re-running this script phase.\necho \"SUCCESS\" > \"${SCRIPT_OUTPUT_FILE_0}\"\n";
			showEnvVarsInLog = 0;
		};
/* End PBXShellScriptBuildPhase section */

/* Begin PBXSourcesBuildPhase section */
		B53D8F48244DCBA30055CE66 /* Sources */ = {
			isa = PBXSourcesBuildPhase;
			buildActionMask = 2147483647;
			files = (
				B5BB0832244F281F0094F254 /* Coordinator.swift in Sources */,
				B5C25EF5245B010600542E1C /* ControlButton.swift in Sources */,
				481E9B8F27C8EAEF00162792 /* ActiveMeetingMemberListTableViewCellModelDelegate.swift in Sources */,
				481E9B8D27C8DE6D00162792 /* ActiveMeetingMemberListTableViewCellModel.swift in Sources */,
				B5385A2E258BA03300DFBDE1 /* AudioLevelView.swift in Sources */,
				B59D19EE2462E038008E2C2D /* MeetingFinished.swift in Sources */,
				481E9B6F27C6725100162792 /* ActiveMeetingViewDelegate.swift in Sources */,
				481E9B6727C653F900162792 /* NewMeetingViewModelDelegate.swift in Sources */,
				B5D4F99F249353BE002FDCB6 /* PageViewController.swift in Sources */,
				B566BF702481412900A2DE75 /* ActiveMeetingMemberListViewController.swift in Sources */,
				B59D19E72462DFDF008E2C2D /* JoinMeeting.swift in Sources */,
				481E9B8527C8C5AD00162792 /* ActiveMeetingMemberListViewModel.swift in Sources */,
				B59D19E024629FAE008E2C2D /* JoinMeetingView.swift in Sources */,
				B560170F24AB4E420091692A /* ActiveMeetingChatTableViewCell.swift in Sources */,
				B54D59A52451C13400454066 /* NewMeetingControlView.swift in Sources */,
				B5EB976024AE058400F458B0 /* PlaceholderTextView.swift in Sources */,
				B5704D682465369000D9703A /* ActiveMeetingView.swift in Sources */,
				B5E4EA7424741B8400F48B38 /* CameraPlaceholderView.swift in Sources */,
				B5619D25249776F00072669D /* PageContainerMember.swift in Sources */,
				481E9B7F27C7BC9B00162792 /* ChatMessage.swift in Sources */,
				B5619D292497A0EF0072669D /* TabBarButton.swift in Sources */,
				B566BF722481431A00A2DE75 /* ActiveMeetingMemberListViewDataSource.swift in Sources */,
				B5E4EA7E2475379100F48B38 /* CameraView.swift in Sources */,
				B53D8F50244DCBA30055CE66 /* AppDelegate.swift in Sources */,
				B50195FE245AAB4300DDF6AB /* MeetingHistoryTableViewController.swift in Sources */,
				481E9B6527C63B4900162792 /* NewMeetingControlViewDelegate.swift in Sources */,
				B5BB0836244F287F0094F254 /* MainCoordinator.swift in Sources */,
				481E9B5927C526C000162792 /* Bootstrap.swift in Sources */,
				B59D19F62462EE65008E2C2D /* Meeting.swift in Sources */,
				481E9B5B27C527F100162792 /* UIViewController+TopViewController.swift in Sources */,
				B5704D342464346500D9703A /* Decode.swift in Sources */,
				B59D19EB2462E010008E2C2D /* JoinCancellation.swift in Sources */,
				481E9B8927C8D5C000162792 /* PhenixCoreMember+Roles.swift in Sources */,
				B50195E2245717F800DDF6AB /* UILabel.swift in Sources */,
				481E9B8727C8C5BB00162792 /* ActiveMeetingMemberListView.swift in Sources */,
				B59D19F82463132C008E2C2D /* MeetingHistoryTableViewCell.swift in Sources */,
				481E9B7327C67F1E00162792 /* ActiveMeetingInformationViewModel.swift in Sources */,
				481E9BB927CD01CC00162792 /* ActiveMeetingViewModelDelegate.swift in Sources */,
				B5C25EFD245B33D900542E1C /* NewMeetingView.swift in Sources */,
				481E9B8B27C8DD0B00162792 /* ActiveMeetingMemberListViewDelegate.swift in Sources */,
				481AFB0D27D5EAF500EC92FA /* OSLog+Initializer.swift in Sources */,
				B50195E42457180F00DDF6AB /* UIButton.swift in Sources */,
				B59D19DD24629F69008E2C2D /* JoinMeetingViewController.swift in Sources */,
				481E9B5D27C5378800162792 /* NewMeetingViewModel.swift in Sources */,
				B566BF76248143F700A2DE75 /* ActiveMeetingMemberListTableViewCell.swift in Sources */,
				B5619D2724977CA60072669D /* ActiveMeetingChatViewController.swift in Sources */,
				B510D0E6248FC258003FAEC0 /* ActivityIndicatorController.swift in Sources */,
				481E9B6D27C65E6E00162792 /* ActiveMeetingViewModel.swift in Sources */,
				B5019602245AAD9B00DDF6AB /* ChildController.swift in Sources */,
				481E9B5727C519DF00162792 /* AppSession.swift in Sources */,
				B563A4B6247D51FF007101C7 /* ActiveMeetingInformationViewController.swift in Sources */,
				481E9B6927C655D400162792 /* JoinMeetingViewModel.swift in Sources */,
				481E9B8327C7DDCB00162792 /* ActiveMeetingChatViewDelegate.swift in Sources */,
				B5019600245AABA600DDF6AB /* MeetingHistoryTableViewDataSource.swift in Sources */,
				B52FC75F24B850F800B98B46 /* UIImageView.swift in Sources */,
				B5777E5F246C25CB000B4CA9 /* LaunchViewController.swift in Sources */,
				B59D19FA24631398008E2C2D /* CellIdentified.swift in Sources */,
				B51141C724FD2229007584A1 /* CATransaction+NoAnimations.swift in Sources */,
				B50195EE24585C6200DDF6AB /* Preferences.swift in Sources */,
				B59D19E52462DFCB008E2C2D /* ShowMeeting.swift in Sources */,
				481E9B8127C7C34D00162792 /* ActiveMeetingChatTableViewCellModel.swift in Sources */,
				B594ABBD2499FF4F0042ED1F /* CameraPinView.swift in Sources */,
				B54D59B2245307F600454066 /* ActiveMeetingViewController.swift in Sources */,
				B560170C24AB4DDB0091692A /* ActiveMeetingChatViewDataSource.swift in Sources */,
				B5BB0838244F28E80094F254 /* Storyboarded.swift in Sources */,
				B54D59A32451BCDD00454066 /* NewMeetingViewController.swift in Sources */,
				481E9B6B27C6566C00162792 /* JoinMeetingViewModelDelegate.swift in Sources */,
				B5704D3224642DBA00D9703A /* Encode.swift in Sources */,
				B560171124AB6B140091692A /* ActiveMeetingChatView.swift in Sources */,
				481E9B6327C636C200162792 /* NewMeetingViewDelegate.swift in Sources */,
				B510D0E8248FCA63003FAEC0 /* ActivityIndicatorProvider.swift in Sources */,
				B50195E0245717DC00DDF6AB /* UITextField.swift in Sources */,
				481E9B7D27C7BB2500162792 /* ActiveMeetingChatViewModel.swift in Sources */,
			);
			runOnlyForDeploymentPostprocessing = 0;
		};
		B5704D6B24656FBE00D9703A /* Sources */ = {
			isa = PBXSourcesBuildPhase;
			buildActionMask = 2147483647;
			files = (
				B5704D7B2465701400D9703A /* ControlButtonTests.swift in Sources */,
			);
			runOnlyForDeploymentPostprocessing = 0;
		};
/* End PBXSourcesBuildPhase section */

/* Begin PBXTargetDependency section */
		B5704D7524656FBE00D9703A /* PBXTargetDependency */ = {
			isa = PBXTargetDependency;
			target = B53D8F4B244DCBA30055CE66 /* PhenixGroups */;
			targetProxy = B5704D7424656FBE00D9703A /* PBXContainerItemProxy */;
		};
/* End PBXTargetDependency section */

/* Begin PBXVariantGroup section */
		B53D8F55244DCBA30055CE66 /* Main.storyboard */ = {
			isa = PBXVariantGroup;
			children = (
				B53D8F56244DCBA30055CE66 /* Base */,
			);
			name = Main.storyboard;
			sourceTree = "<group>";
		};
		B53D8F5A244DCBA80055CE66 /* LaunchScreen.storyboard */ = {
			isa = PBXVariantGroup;
			children = (
				B53D8F5B244DCBA80055CE66 /* Base */,
			);
			name = LaunchScreen.storyboard;
			sourceTree = "<group>";
		};
/* End PBXVariantGroup section */

/* Begin XCBuildConfiguration section */
		B53D8F5E244DCBA80055CE66 /* Debug */ = {
			isa = XCBuildConfiguration;
			buildSettings = {
				ALWAYS_SEARCH_USER_PATHS = NO;
				CLANG_ANALYZER_NONNULL = YES;
				CLANG_ANALYZER_NUMBER_OBJECT_CONVERSION = YES_AGGRESSIVE;
				CLANG_CXX_LANGUAGE_STANDARD = "gnu++14";
				CLANG_CXX_LIBRARY = "libc++";
				CLANG_ENABLE_MODULES = YES;
				CLANG_ENABLE_OBJC_ARC = YES;
				CLANG_ENABLE_OBJC_WEAK = YES;
				CLANG_WARN_BLOCK_CAPTURE_AUTORELEASING = YES;
				CLANG_WARN_BOOL_CONVERSION = YES;
				CLANG_WARN_COMMA = YES;
				CLANG_WARN_CONSTANT_CONVERSION = YES;
				CLANG_WARN_DEPRECATED_OBJC_IMPLEMENTATIONS = YES;
				CLANG_WARN_DIRECT_OBJC_ISA_USAGE = YES_ERROR;
				CLANG_WARN_DOCUMENTATION_COMMENTS = YES;
				CLANG_WARN_EMPTY_BODY = YES;
				CLANG_WARN_ENUM_CONVERSION = YES;
				CLANG_WARN_INFINITE_RECURSION = YES;
				CLANG_WARN_INT_CONVERSION = YES;
				CLANG_WARN_NON_LITERAL_NULL_CONVERSION = YES;
				CLANG_WARN_OBJC_IMPLICIT_RETAIN_SELF = YES;
				CLANG_WARN_OBJC_LITERAL_CONVERSION = YES;
				CLANG_WARN_OBJC_ROOT_CLASS = YES_ERROR;
				CLANG_WARN_QUOTED_INCLUDE_IN_FRAMEWORK_HEADER = YES;
				CLANG_WARN_RANGE_LOOP_ANALYSIS = YES;
				CLANG_WARN_STRICT_PROTOTYPES = YES;
				CLANG_WARN_SUSPICIOUS_MOVE = YES;
				CLANG_WARN_UNGUARDED_AVAILABILITY = YES_AGGRESSIVE;
				CLANG_WARN_UNREACHABLE_CODE = YES;
				CLANG_WARN__DUPLICATE_METHOD_MATCH = YES;
				COPY_PHASE_STRIP = NO;
				DEBUG_INFORMATION_FORMAT = dwarf;
				ENABLE_STRICT_OBJC_MSGSEND = YES;
				ENABLE_TESTABILITY = YES;
				GCC_C_LANGUAGE_STANDARD = gnu11;
				GCC_DYNAMIC_NO_PIC = NO;
				GCC_NO_COMMON_BLOCKS = YES;
				GCC_OPTIMIZATION_LEVEL = 0;
				GCC_PREPROCESSOR_DEFINITIONS = (
					"DEBUG=1",
					"$(inherited)",
				);
				GCC_WARN_64_TO_32_BIT_CONVERSION = YES;
				GCC_WARN_ABOUT_RETURN_TYPE = YES_ERROR;
				GCC_WARN_UNDECLARED_SELECTOR = YES;
				GCC_WARN_UNINITIALIZED_AUTOS = YES_AGGRESSIVE;
				GCC_WARN_UNUSED_FUNCTION = YES;
				GCC_WARN_UNUSED_VARIABLE = YES;
				IPHONEOS_DEPLOYMENT_TARGET = 13.0;
				MTL_ENABLE_DEBUG_INFO = INCLUDE_SOURCE;
				MTL_FAST_MATH = YES;
				ONLY_ACTIVE_ARCH = YES;
				SDKROOT = iphoneos;
				SWIFT_ACTIVE_COMPILATION_CONDITIONS = DEBUG;
				SWIFT_OPTIMIZATION_LEVEL = "-Onone";
			};
			name = Debug;
		};
		B53D8F5F244DCBA80055CE66 /* Release */ = {
			isa = XCBuildConfiguration;
			buildSettings = {
				ALWAYS_SEARCH_USER_PATHS = NO;
				CLANG_ANALYZER_NONNULL = YES;
				CLANG_ANALYZER_NUMBER_OBJECT_CONVERSION = YES_AGGRESSIVE;
				CLANG_CXX_LANGUAGE_STANDARD = "gnu++14";
				CLANG_CXX_LIBRARY = "libc++";
				CLANG_ENABLE_MODULES = YES;
				CLANG_ENABLE_OBJC_ARC = YES;
				CLANG_ENABLE_OBJC_WEAK = YES;
				CLANG_WARN_BLOCK_CAPTURE_AUTORELEASING = YES;
				CLANG_WARN_BOOL_CONVERSION = YES;
				CLANG_WARN_COMMA = YES;
				CLANG_WARN_CONSTANT_CONVERSION = YES;
				CLANG_WARN_DEPRECATED_OBJC_IMPLEMENTATIONS = YES;
				CLANG_WARN_DIRECT_OBJC_ISA_USAGE = YES_ERROR;
				CLANG_WARN_DOCUMENTATION_COMMENTS = YES;
				CLANG_WARN_EMPTY_BODY = YES;
				CLANG_WARN_ENUM_CONVERSION = YES;
				CLANG_WARN_INFINITE_RECURSION = YES;
				CLANG_WARN_INT_CONVERSION = YES;
				CLANG_WARN_NON_LITERAL_NULL_CONVERSION = YES;
				CLANG_WARN_OBJC_IMPLICIT_RETAIN_SELF = YES;
				CLANG_WARN_OBJC_LITERAL_CONVERSION = YES;
				CLANG_WARN_OBJC_ROOT_CLASS = YES_ERROR;
				CLANG_WARN_QUOTED_INCLUDE_IN_FRAMEWORK_HEADER = YES;
				CLANG_WARN_RANGE_LOOP_ANALYSIS = YES;
				CLANG_WARN_STRICT_PROTOTYPES = YES;
				CLANG_WARN_SUSPICIOUS_MOVE = YES;
				CLANG_WARN_UNGUARDED_AVAILABILITY = YES_AGGRESSIVE;
				CLANG_WARN_UNREACHABLE_CODE = YES;
				CLANG_WARN__DUPLICATE_METHOD_MATCH = YES;
				COPY_PHASE_STRIP = NO;
				DEBUG_INFORMATION_FORMAT = "dwarf-with-dsym";
				ENABLE_NS_ASSERTIONS = NO;
				ENABLE_STRICT_OBJC_MSGSEND = YES;
				GCC_C_LANGUAGE_STANDARD = gnu11;
				GCC_NO_COMMON_BLOCKS = YES;
				GCC_WARN_64_TO_32_BIT_CONVERSION = YES;
				GCC_WARN_ABOUT_RETURN_TYPE = YES_ERROR;
				GCC_WARN_UNDECLARED_SELECTOR = YES;
				GCC_WARN_UNINITIALIZED_AUTOS = YES_AGGRESSIVE;
				GCC_WARN_UNUSED_FUNCTION = YES;
				GCC_WARN_UNUSED_VARIABLE = YES;
				IPHONEOS_DEPLOYMENT_TARGET = 13.0;
				MTL_ENABLE_DEBUG_INFO = NO;
				MTL_FAST_MATH = YES;
				SDKROOT = iphoneos;
				SWIFT_COMPILATION_MODE = wholemodule;
				SWIFT_OPTIMIZATION_LEVEL = "-O";
				VALIDATE_PRODUCT = YES;
			};
			name = Release;
		};
		B53D8F61244DCBA80055CE66 /* Debug */ = {
			isa = XCBuildConfiguration;
			baseConfigurationReference = 3B78AA6938C8BC757DE59AB5 /* Pods-PhenixGroups.debug.xcconfig */;
			buildSettings = {
				ASSETCATALOG_COMPILER_APPICON_NAME = AppIcon;
				CODE_SIGN_ENTITLEMENTS = "PhenixGroups/Phenix Groups.entitlements";
				CODE_SIGN_STYLE = Automatic;
				CURRENT_PROJECT_VERSION = 1;
				DEVELOPMENT_TEAM = LU4S6LX25U;
				INFOPLIST_FILE = "PhenixGroups/Supporting Files/Info.plist";
				LD_RUNPATH_SEARCH_PATHS = (
					"$(inherited)",
					"@executable_path/Frameworks",
				);
				MARKETING_VERSION = 2022.0.4;
				PRODUCT_BUNDLE_IDENTIFIER = com.phenixrts.suite.groups;
				PRODUCT_NAME = "Phenix Groups";
				SWIFT_VERSION = 5.0;
				TARGETED_DEVICE_FAMILY = "1,2";
			};
			name = Debug;
		};
		B53D8F62244DCBA80055CE66 /* Release */ = {
			isa = XCBuildConfiguration;
			baseConfigurationReference = C14018589F0F82A57D4D0B42 /* Pods-PhenixGroups.release.xcconfig */;
			buildSettings = {
				ASSETCATALOG_COMPILER_APPICON_NAME = AppIcon;
				CODE_SIGN_ENTITLEMENTS = "PhenixGroups/Phenix Groups.entitlements";
				CODE_SIGN_STYLE = Automatic;
				CURRENT_PROJECT_VERSION = 1;
				DEVELOPMENT_TEAM = LU4S6LX25U;
				INFOPLIST_FILE = "PhenixGroups/Supporting Files/Info.plist";
				LD_RUNPATH_SEARCH_PATHS = (
					"$(inherited)",
					"@executable_path/Frameworks",
				);
				MARKETING_VERSION = 2022.0.4;
				PRODUCT_BUNDLE_IDENTIFIER = com.phenixrts.suite.groups;
				PRODUCT_NAME = "Phenix Groups";
				SWIFT_VERSION = 5.0;
				TARGETED_DEVICE_FAMILY = "1,2";
			};
			name = Release;
		};
		B5704D7624656FBF00D9703A /* Debug */ = {
			isa = XCBuildConfiguration;
			baseConfigurationReference = 63765178CF878898F4AE4BBD /* Pods-PhenixGroupsUnitTests.debug.xcconfig */;
			buildSettings = {
				BUNDLE_LOADER = "$(TEST_HOST)";
				CODE_SIGN_STYLE = Automatic;
				DEVELOPMENT_TEAM = LU4S6LX25U;
				INFOPLIST_FILE = "PhenixGroupsUnitTests/Supporting Files/Info.plist";
				LD_RUNPATH_SEARCH_PATHS = (
					"$(inherited)",
					"@executable_path/Frameworks",
					"@loader_path/Frameworks",
				);
				PRODUCT_BUNDLE_IDENTIFIER = com.phenixrts.suite.groups.UnitTests;
				PRODUCT_NAME = "$(TARGET_NAME)";
				SWIFT_VERSION = 5.0;
				TARGETED_DEVICE_FAMILY = "1,2";
				TEST_HOST = "$(BUILT_PRODUCTS_DIR)/Phenix Groups.app/Phenix Groups";
			};
			name = Debug;
		};
		B5704D7724656FBF00D9703A /* Release */ = {
			isa = XCBuildConfiguration;
			baseConfigurationReference = 21AB40063611501FD55138BA /* Pods-PhenixGroupsUnitTests.release.xcconfig */;
			buildSettings = {
				BUNDLE_LOADER = "$(TEST_HOST)";
				CODE_SIGN_STYLE = Automatic;
				DEVELOPMENT_TEAM = LU4S6LX25U;
				INFOPLIST_FILE = "PhenixGroupsUnitTests/Supporting Files/Info.plist";
				LD_RUNPATH_SEARCH_PATHS = (
					"$(inherited)",
					"@executable_path/Frameworks",
					"@loader_path/Frameworks",
				);
				PRODUCT_BUNDLE_IDENTIFIER = com.phenixrts.suite.groups.UnitTests;
				PRODUCT_NAME = "$(TARGET_NAME)";
				SWIFT_VERSION = 5.0;
				TARGETED_DEVICE_FAMILY = "1,2";
				TEST_HOST = "$(BUILT_PRODUCTS_DIR)/Phenix Groups.app/Phenix Groups";
			};
			name = Release;
		};
/* End XCBuildConfiguration section */

/* Begin XCConfigurationList section */
		B53D8F47244DCBA30055CE66 /* Build configuration list for PBXProject "PhenixGroups" */ = {
			isa = XCConfigurationList;
			buildConfigurations = (
				B53D8F5E244DCBA80055CE66 /* Debug */,
				B53D8F5F244DCBA80055CE66 /* Release */,
			);
			defaultConfigurationIsVisible = 0;
			defaultConfigurationName = Release;
		};
		B53D8F60244DCBA80055CE66 /* Build configuration list for PBXNativeTarget "PhenixGroups" */ = {
			isa = XCConfigurationList;
			buildConfigurations = (
				B53D8F61244DCBA80055CE66 /* Debug */,
				B53D8F62244DCBA80055CE66 /* Release */,
			);
			defaultConfigurationIsVisible = 0;
			defaultConfigurationName = Release;
		};
		B5704D7824656FBF00D9703A /* Build configuration list for PBXNativeTarget "PhenixGroupsUnitTests" */ = {
			isa = XCConfigurationList;
			buildConfigurations = (
				B5704D7624656FBF00D9703A /* Debug */,
				B5704D7724656FBF00D9703A /* Release */,
			);
			defaultConfigurationIsVisible = 0;
			defaultConfigurationName = Release;
		};
/* End XCConfigurationList section */
	};
	rootObject = B53D8F44244DCBA30055CE66 /* Project object */;
}
